
Microsoft Visual Studio Solution File, Format Version 12.00
# Visual Studio Version 17
VisualStudioVersion = 17.6.33723.286
MinimumVisualStudioVersion = 10.0.40219.1
Project("{FAE04EC0-301F-11D3-BF4B-00C04F79EFBC}") = "car_website", "car_website\car_website.csproj", "{00312117-87F9-4CB0-8083-ADA9545E0F09}"
EndProject
Global
	GlobalSection(SolutionConfigurationPlatforms) = preSolution
		Debug|Any CPU = Debug|Any CPU
		Release|Any CPU = Release|Any CPU
	EndGlobalSection
	GlobalSection(ProjectConfigurationPlatforms) = postSolution
		{00312117-87F9-4CB0-8083-ADA9545E0F09}.Debug|Any CPU.ActiveCfg = Debug|Any CPU
		{00312117-87F9-4CB0-8083-ADA9545E0F09}.Debug|Any CPU.Build.0 = Debug|Any CPU
		{00312117-87F9-4CB0-8083-ADA9545E0F09}.Release|Any CPU.ActiveCfg = Release|Any CPU
		{00312117-87F9-4CB0-8083-ADA9545E0F09}.Release|Any CPU.Build.0 = Release|Any CPU
	EndGlobalSection
	GlobalSection(SolutionProperties) = preSolution
		HideSolutionNode = FALSE
	EndGlobalSection
	GlobalSection(ExtensibilityGlobals) = postSolution
		SolutionGuid = {FD0ED280-38D3-46EA-96B2-A6FDC685D418}
	EndGlobalSection
EndGlobal
